{
    "name": "pocket.js",
    "version": "2.1.0",
    "lockfileVersion": 1,
    "requires": true,
    "dependencies": {
        "x-utils-es": {
            "version": "2.4.0",
            "resolved": "https://registry.npmjs.org/x-utils-es/-/x-utils-es-2.4.0.tgz",
            "integrity": "sha512-ZzNRJoxDYHsGyxupKY6dNa0M6C0bY9co8Ooy/5g0WN0GLmr1xYHM1iU6ZgFdcEb916ysUAEneo9NNg8g1pe5FQ=="
        }
    }
}
