{
  "name": "pocket.js",
  "version": "2.0.1",
  "lockfileVersion": 1,
  "requires": true,
  "dependencies": {
    "uuid": {
      "version": "9.0.1",
      "resolved": "https://registry.npmjs.org/uuid/-/uuid-9.0.1.tgz",
      "integrity": "sha512-b+1eJOlsR9K8HJpow9Ok3fiWOWSIcIzXodvv0rQjVoOVNpWMpxf1wZNpt4y9h10odCNrqnYp1OBzRktckBe3sA==",
      "dev": true
    },
    "x-utils-es": {
      "version": "2.0.1",
      "resolved": "https://registry.npmjs.org/x-utils-es/-/x-utils-es-2.0.1.tgz",
      "integrity": "sha512-tyeasoGnS0DrI7fdKFBYLjKDQK52mhnWFB270Q2Uk2rtJvLO+Phgi28msw4QKqEiH/ow5PTGG2OKZevo2TY7xA=="
    }
  }
}
