{
  "name": "pocket",
  "version": "1.0.0",
  "lockfileVersion": 1,
  "requires": true,
  "dependencies": {
    "simple-q": {
      "version": "git+ssh://git@eaglex_bitbucket:eag1ex/simple-q.git#0e4e916309b6946729686aa4956511177d5de77b",
      "from": "git+ssh://git@eaglex_bitbucket:eag1ex/simple-q.git"
    }
  }
}
